
Microsoft Visual Studio Solution File, Format Version 12.00
# Visual Studio Version 17
VisualStudioVersion = 17.7.34031.279
MinimumVisualStudioVersion = 10.0.40219.1
Project("{FAE04EC0-301F-11D3-BF4B-00C04F79EFBC}") = "MuseumTool", "MuseumTool\MuseumTool.csproj", "{8B2E8CA9-7165-4FA9-9ADC-DBEDE9F0ADF3}"
EndProject
Global
	GlobalSection(SolutionConfigurationPlatforms) = preSolution
		Debug|Any CPU = Debug|Any CPU
		Release|Any CPU = Release|Any CPU
	EndGlobalSection
	GlobalSection(ProjectConfigurationPlatforms) = postSolution
		{8B2E8CA9-7165-4FA9-9ADC-DBEDE9F0ADF3}.Debug|Any CPU.ActiveCfg = Debug|Any CPU
		{8B2E8CA9-7165-4FA9-9ADC-DBEDE9F0ADF3}.Debug|Any CPU.Build.0 = Debug|Any CPU
		{8B2E8CA9-7165-4FA9-9ADC-DBEDE9F0ADF3}.Release|Any CPU.ActiveCfg = Release|Any CPU
		{8B2E8CA9-7165-4FA9-9ADC-DBEDE9F0ADF3}.Release|Any CPU.Build.0 = Release|Any CPU
	EndGlobalSection
	GlobalSection(SolutionProperties) = preSolution
		HideSolutionNode = FALSE
	EndGlobalSection
	GlobalSection(ExtensibilityGlobals) = postSolution
		SolutionGuid = {BDF8A034-7432-4E06-A4BC-8BEF347E88C6}
	EndGlobalSection
EndGlobal
